
Microsoft Visual Studio Solution File, Format Version 12.00
# Visual Studio Version 17
VisualStudioVersion = 17.9.34714.143
MinimumVisualStudioVersion = 10.0.40219.1
Project("{FAE04EC0-301F-11D3-BF4B-00C04F79EFBC}") = "WebAPI_Person", "WebAPI_Person.csproj", "{77A3D71F-ED6E-4F05-8C3D-0229A61AA4C1}"
EndProject
Global
	GlobalSection(SolutionConfigurationPlatforms) = preSolution
		Debug|Any CPU = Debug|Any CPU
		Release|Any CPU = Release|Any CPU
	EndGlobalSection
	GlobalSection(ProjectConfigurationPlatforms) = postSolution
		{77A3D71F-ED6E-4F05-8C3D-0229A61AA4C1}.Debug|Any CPU.ActiveCfg = Debug|Any CPU
		{77A3D71F-ED6E-4F05-8C3D-0229A61AA4C1}.Debug|Any CPU.Build.0 = Debug|Any CPU
		{77A3D71F-ED6E-4F05-8C3D-0229A61AA4C1}.Release|Any CPU.ActiveCfg = Release|Any CPU
		{77A3D71F-ED6E-4F05-8C3D-0229A61AA4C1}.Release|Any CPU.Build.0 = Release|Any CPU
	EndGlobalSection
	GlobalSection(SolutionProperties) = preSolution
		HideSolutionNode = FALSE
	EndGlobalSection
	GlobalSection(ExtensibilityGlobals) = postSolution
		SolutionGuid = {7A5BF988-285F-4C17-9BB6-6E772BE49C12}
	EndGlobalSection
EndGlobal
